// !$*UTF8*$!
{
	archiveVersion = 1;
	classes = {
	};
	objectVersion = 46;
	objects = {

/* Begin PBXBuildFile section */
		ECFB16351EE4F38000C63622 /* AppDelegate.swift in Sources */ = {isa = PBXBuildFile; fileRef = ECFB16341EE4F38000C63622 /* AppDelegate.swift */; };
		ECFB16371EE4F38000C63622 /* ViewController.swift in Sources */ = {isa = PBXBuildFile; fileRef = ECFB16361EE4F38000C63622 /* ViewController.swift */; };
		ECFB163A1EE4F38000C63622 /* Main.storyboard in Resources */ = {isa = PBXBuildFile; fileRef = ECFB16381EE4F38000C63622 /* Main.storyboard */; };
		ECFB163C1EE4F38000C63622 /* Assets.xcassets in Resources */ = {isa = PBXBuildFile; fileRef = ECFB163B1EE4F38000C63622 /* Assets.xcassets */; };
		ECFB163F1EE4F38000C63622 /* LaunchScreen.storyboard in Resources */ = {isa = PBXBuildFile; fileRef = ECFB163D1EE4F38000C63622 /* LaunchScreen.storyboard */; };
/* End PBXBuildFile section */

/* Begin PBXFileReference section */
		ECFB16311EE4F38000C63622 /* HotPatchTest.app */ = {isa = PBXFileReference; explicitFileType = wrapper.application; includeInIndex = 0; path = HotPatchTest.app; sourceTree = BUILT_PRODUCTS_DIR; };
		ECFB16341EE4F38000C63622 /* AppDelegate.swift */ = {isa = PBXFileReference; lastKnownFileType = sourcecode.swift; path = AppDelegate.swift; sourceTree = "<group>"; };
		ECFB16361EE4F38000C63622 /* ViewController.swift */ = {isa = PBXFileReference; lastKnownFileType = sourcecode.swift; path = ViewController.swift; sourceTree = "<group>"; };
		ECFB16391EE4F38000C63622 /* Base */ = {isa = PBXFileReference; lastKnownFileType = file.storyboard; name = Base; path = Base.lproj/Main.storyboard; sourceTree = "<group>"; };
		ECFB163B1EE4F38000C63622 /* Assets.xcassets */ = {isa = PBXFileReference; lastKnownFileType = folder.assetcatalog; path = Assets.xcassets; sourceTree = "<group>"; };
		ECFB163E1EE4F38000C63622 /* Base */ = {isa = PBXFileReference; lastKnownFileType = file.storyboard; name = Base; path = Base.lproj/LaunchScreen.storyboard; sourceTree = "<group>"; };
		ECFB16401EE4F38000C63622 /* Info.plist */ = {isa = PBXFileReference; lastKnownFileType = text.plist.xml; path = Info.plist; sourceTree = "<group>"; };
/* End PBXFileReference section */

/* Begin PBXFrameworksBuildPhase section */
		ECFB162E1EE4F38000C63622 /* Frameworks */ = {
			isa = PBXFrameworksBuildPhase;
			buildActionMask = 2147483647;
			files = (
			);
			runOnlyForDeploymentPostprocessing = 0;
		};
/* End PBXFrameworksBuildPhase section */

/* Begin PBXGroup section */
		ECFB16281EE4F38000C63622 = {
			isa = PBXGroup;
			children = (
				ECFB16331EE4F38000C63622 /* HotPatchTest */,
				ECFB16321EE4F38000C63622 /* Products */,
			);
			sourceTree = "<group>";
		};
		ECFB16321EE4F38000C63622 /* Products */ = {
			isa = PBXGroup;
			children = (
				ECFB16311EE4F38000C63622 /* HotPatchTest.app */,
			);
			name = Products;
			sourceTree = "<group>";
		};
		ECFB16331EE4F38000C63622 /* HotPatchTest */ = {
			isa = PBXGroup;
			children = (
				ECFB16341EE4F38000C63622 /* AppDelegate.swift */,
				ECFB16361EE4F38000C63622 /* ViewController.swift */,
				ECFB16381EE4F38000C63622 /* Main.storyboard */,
				ECFB163B1EE4F38000C63622 /* Assets.xcassets */,
				ECFB163D1EE4F38000C63622 /* LaunchScreen.storyboard */,
				ECFB16401EE4F38000C63622 /* Info.plist */,
			);
			path = HotPatchTest;
			sourceTree = "<group>";
		};
/* End PBXGroup section */

/* Begin PBXNativeTarget section */
		ECFB16301EE4F38000C63622 /* HotPatchTest */ = {
			isa = PBXNativeTarget;
			buildConfigurationList = ECFB16431EE4F38000C63622 /* Build configuration list for PBXNativeTarget "HotPatchTest" */;
			buildPhases = (
				ECFB162D1EE4F38000C63622 /* Sources */,
				ECFB162E1EE4F38000C63622 /* Frameworks */,
				ECFB162F1EE4F38000C63622 /* Resources */,
			);
			buildRules = (
			);
			dependencies = (
			);
			name = HotPatchTest;
			productName = HotPatchTest;
			productReference = ECFB16311EE4F38000C63622 /* HotPatchTest.app */;
			productType = "com.apple.product-type.application";
		};
/* End PBXNativeTarget section */

/* Begin PBXProject section */
		ECFB16291EE4F38000C63622 /* Project object */ = {
			isa = PBXProject;
			attributes = {
				LastSwiftUpdateCheck = 0830;
				LastUpgradeCheck = 0830;
				ORGANIZATIONNAME = lvjun;
				TargetAttributes = {
					ECFB16301EE4F38000C63622 = {
						CreatedOnToolsVersion = 8.3.2;
						ProvisioningStyle = Automatic;
					};
				};
			};
			buildConfigurationList = ECFB162C1EE4F38000C63622 /* Build configuration list for PBXProject "HotPatchTest" */;
			compatibilityVersion = "Xcode 3.2";
			developmentRegion = English;
			hasScannedForEncodings = 0;
			knownRegions = (
				en,
				Base,
			);
			mainGroup = ECFB16281EE4F38000C63622;
			productRefGroup = ECFB16321EE4F38000C63622 /* Products */;
			projectDirPath = "";
			projectRoot = "";
			targets = (
				ECFB16301EE4F38000C63622 /* HotPatchTest */,
			);
		};
/* End PBXProject section */

/* Begin PBXResourcesBuildPhase section */
		ECFB162F1EE4F38000C63622 /* Resources */ = {
			isa = PBXResourcesBuildPhase;
			buildActionMask = 2147483647;
			files = (
				ECFB163F1EE4F38000C63622 /* LaunchScreen.storyboard in Resources */,
				ECFB163C1EE4F38000C63622 /* Assets.xcassets in Resources */,
				ECFB163A1EE4F38000C63622 /* Main.storyboard in Resources */,
			);
			runOnlyForDeploymentPostprocessing = 0;
		};
/* End PBXResourcesBuildPhase section */

/* Begin PBXSourcesBuildPhase section */
		ECFB162D1EE4F38000C63622 /* Sources */ = {
			isa = PBXSourcesBuildPhase;
			buildActionMask = 2147483647;
			files = (
				ECFB16371EE4F38000C63622 /* ViewController.swift in Sources */,
				ECFB16351EE4F38000C63622 /* AppDelegate.swift in Sources */,
			);
			runOnlyForDeploymentPostprocessing = 0;
		};
/* End PBXSourcesBuildPhase section */

/* Begin PBXVariantGroup section */
		ECFB16381EE4F38000C63622 /* Main.storyboard */ = {
			isa = PBXVariantGroup;
			children = (
				ECFB16391EE4F38000C63622 /* Base */,
			);
			name = Main.storyboard;
			sourceTree = "<group>";
		};
		ECFB163D1EE4F38000C63622 /* LaunchScreen.storyboard */ = {
			isa = PBXVariantGroup;
			children = (
				ECFB163E1EE4F38000C63622 /* Base */,
			);
			name = LaunchScreen.storyboard;
			sourceTree = "<group>";
		};
/* End PBXVariantGroup section */

/* Begin XCBuildConfiguration section */
		ECFB16411EE4F38000C63622 /* Debug */ = {
			isa = XCBuildConfiguration;
			buildSettings = {
				ALWAYS_SEARCH_USER_PATHS = NO;
				CLANG_ANALYZER_NONNULL = YES;
				CLANG_ANALYZER_NUMBER_OBJECT_CONVERSION = YES_AGGRESSIVE;
				CLANG_CXX_LANGUAGE_STANDARD = "gnu++0x";
				CLANG_CXX_LIBRARY = "libc++";
				CLANG_ENABLE_MODULES = YES;
				CLANG_ENABLE_OBJC_ARC = YES;
				CLANG_WARN_BOOL_CONVERSION = YES;
				CLANG_WARN_CONSTANT_CONVERSION = YES;
				CLANG_WARN_DIRECT_OBJC_ISA_USAGE = YES_ERROR;
				CLANG_WARN_DOCUMENTATION_COMMENTS = YES;
				CLANG_WARN_EMPTY_BODY = YES;
				CLANG_WARN_ENUM_CONVERSION = YES;
				CLANG_WARN_INFINITE_RECURSION = YES;
				CLANG_WARN_INT_CONVERSION = YES;
				CLANG_WARN_OBJC_ROOT_CLASS = YES_ERROR;
				CLANG_WARN_SUSPICIOUS_MOVE = YES;
				CLANG_WARN_UNREACHABLE_CODE = YES;
				CLANG_WARN__DUPLICATE_METHOD_MATCH = YES;
				"CODE_SIGN_IDENTITY[sdk=iphoneos*]" = "iPhone Developer";
				COPY_PHASE_STRIP = NO;
				DEBUG_INFORMATION_FORMAT = dwarf;
				ENABLE_STRICT_OBJC_MSGSEND = YES;
				ENABLE_TESTABILITY = YES;
				GCC_C_LANGUAGE_STANDARD = gnu99;
				GCC_DYNAMIC_NO_PIC = NO;
				GCC_NO_COMMON_BLOCKS = YES;
				GCC_OPTIMIZATION_LEVEL = 0;
				GCC_PREPROCESSOR_DEFINITIONS = (
					"DEBUG=1",
					"$(inherited)",
				);
				GCC_WARN_64_TO_32_BIT_CONVERSION = YES;
				GCC_WARN_ABOUT_RETURN_TYPE = YES_ERROR;
				GCC_WARN_UNDECLARED_SELECTOR = YES;
				GCC_WARN_UNINITIALIZED_AUTOS = YES_AGGRESSIVE;
				GCC_WARN_UNUSED_FUNCTION = YES;
				GCC_WARN_UNUSED_VARIABLE = YES;
				IPHONEOS_DEPLOYMENT_TARGET = 10.3;
				MTL_ENABLE_DEBUG_INFO = YES;
				ONLY_ACTIVE_ARCH = YES;
				SDKROOT = iphoneos;
				SWIFT_ACTIVE_COMPILATION_CONDITIONS = DEBUG;
				SWIFT_OPTIMIZATION_LEVEL = "-Onone";
				TARGETED_DEVICE_FAMILY = "1,2";
			};
			name = Debug;
		};
		ECFB16421EE4F38000C63622 /* Release */ = {
			isa = XCBuildConfiguration;
			buildSettings = {
				ALWAYS_SEARCH_USER_PATHS = NO;
				CLANG_ANALYZER_NONNULL = YES;
				CLANG_ANALYZER_NUMBER_OBJECT_CONVERSION = YES_AGGRESSIVE;
				CLANG_CXX_LANGUAGE_STANDARD = "gnu++0x";
				CLANG_CXX_LIBRARY = "libc++";
				CLANG_ENABLE_MODULES = YES;
				CLANG_ENABLE_OBJC_ARC = YES;
				CLANG_WARN_BOOL_CONVERSION = YES;
				CLANG_WARN_CONSTANT_CONVERSION = YES;
				CLANG_WARN_DIRECT_OBJC_ISA_USAGE = YES_ERROR;
				CLANG_WARN_DOCUMENTATION_COMMENTS = YES;
				CLANG_WARN_EMPTY_BODY = YES;
				CLANG_WARN_ENUM_CONVERSION = YES;
				CLANG_WARN_INFINITE_RECURSION = YES;
				CLANG_WARN_INT_CONVERSION = YES;
				CLANG_WARN_OBJC_ROOT_CLASS = YES_ERROR;
				CLANG_WARN_SUSPICIOUS_MOVE = YES;
				CLANG_WARN_UNREACHABLE_CODE = YES;
				CLANG_WARN__DUPLICATE_METHOD_MATCH = YES;
				"CODE_SIGN_IDENTITY[sdk=iphoneos*]" = "iPhone Developer";
				COPY_PHASE_STRIP = NO;
				DEBUG_INFORMATION_FORMAT = "dwarf-with-dsym";
				ENABLE_NS_ASSERTIONS = NO;
				ENABLE_STRICT_OBJC_MSGSEND = YES;
				GCC_C_LANGUAGE_STANDARD = gnu99;
				GCC_NO_COMMON_BLOCKS = YES;
				GCC_WARN_64_TO_32_BIT_CONVERSION = YES;
				GCC_WARN_ABOUT_RETURN_TYPE = YES_ERROR;
				GCC_WARN_UNDECLARED_SELECTOR = YES;
				GCC_WARN_UNINITIALIZED_AUTOS = YES_AGGRESSIVE;
				GCC_WARN_UNUSED_FUNCTION = YES;
				GCC_WARN_UNUSED_VARIABLE = YES;
				IPHONEOS_DEPLOYMENT_TARGET = 10.3;
				MTL_ENABLE_DEBUG_INFO = NO;
				SDKROOT = iphoneos;
				SWIFT_OPTIMIZATION_LEVEL = "-Owholemodule";
				TARGETED_DEVICE_FAMILY = "1,2";
				VALIDATE_PRODUCT = YES;
			};
			name = Release;
		};
		ECFB16441EE4F38000C63622 /* Debug */ = {
			isa = XCBuildConfiguration;
			buildSettings = {
				ASSETCATALOG_COMPILER_APPICON_NAME = AppIcon;
				INFOPLIST_FILE = HotPatchTest/Info.plist;
				LD_RUNPATH_SEARCH_PATHS = "$(inherited) @executable_path/Frameworks";
				PRODUCT_BUNDLE_IDENTIFIER = com.lvjun.HotPatchTest;
				PRODUCT_NAME = "$(TARGET_NAME)";
				SWIFT_VERSION = 3.0;
			};
			name = Debug;
		};
		ECFB16451EE4F38000C63622 /* Release */ = {
			isa = XCBuildConfiguration;
			buildSettings = {
				ASSETCATALOG_COMPILER_APPICON_NAME = AppIcon;
				INFOPLIST_FILE = HotPatchTest/Info.plist;
				LD_RUNPATH_SEARCH_PATHS = "$(inherited) @executable_path/Frameworks";
				PRODUCT_BUNDLE_IDENTIFIER = com.lvjun.HotPatchTest;
				PRODUCT_NAME = "$(TARGET_NAME)";
				SWIFT_VERSION = 3.0;
			};
			name = Release;
		};
/* End XCBuildConfiguration section */

/* Begin XCConfigurationList section */
		ECFB162C1EE4F38000C63622 /* Build configuration list for PBXProject "HotPatchTest" */ = {
			isa = XCConfigurationList;
			buildConfigurations = (
				ECFB16411EE4F38000C63622 /* Debug */,
				ECFB16421EE4F38000C63622 /* Release */,
			);
			defaultConfigurationIsVisible = 0;
			defaultConfigurationName = Release;
		};
		ECFB16431EE4F38000C63622 /* Build configuration list for PBXNativeTarget "HotPatchTest" */ = {
			isa = XCConfigurationList;
			buildConfigurations = (
				ECFB16441EE4F38000C63622 /* Debug */,
				ECFB16451EE4F38000C63622 /* Release */,
			);
			defaultConfigurationIsVisible = 0;
		};
/* End XCConfigurationList section */
	};
	rootObject = ECFB16291EE4F38000C63622 /* Project object */;
}
